
Microsoft Visual Studio Solution File, Format Version 12.00
# Visual Studio Version 16
VisualStudioVersion = 16.0.29009.5
MinimumVisualStudioVersion = 10.0.40219.1
Project("{FAE04EC0-301F-11D3-BF4B-00C04F79EFBC}") = "FeedsDemo.Android", "FeedsDemo\FeedsDemo.Android\FeedsDemo.Android.csproj", "{7C39DEA5-2748-4ED2-A989-EB1E42F8A258}"
EndProject
Project("{FAE04EC0-301F-11D3-BF4B-00C04F79EFBC}") = "FeedsDemo.iOS", "FeedsDemo\FeedsDemo.iOS\FeedsDemo.iOS.csproj", "{54CBA4A0-CF27-4BC1-AE72-7E9FE36E11C3}"
EndProject
Project("{FAE04EC0-301F-11D3-BF4B-00C04F79EFBC}") = "FeedsDemo", "FeedsDemo\FeedsDemo\FeedsDemo.csproj", "{74FDF8BB-C0D7-425F-ABF8-2EAD2E825268}"
EndProject
Global
	GlobalSection(SolutionConfigurationPlatforms) = preSolution
		Debug|Any CPU = Debug|Any CPU
		Debug|iPhone = Debug|iPhone
		Debug|iPhoneSimulator = Debug|iPhoneSimulator
		Release|Any CPU = Release|Any CPU
		Release|iPhone = Release|iPhone
		Release|iPhoneSimulator = Release|iPhoneSimulator
	EndGlobalSection
	GlobalSection(ProjectConfigurationPlatforms) = postSolution
		{7C39DEA5-2748-4ED2-A989-EB1E42F8A258}.Debug|Any CPU.ActiveCfg = Debug|Any CPU
		{7C39DEA5-2748-4ED2-A989-EB1E42F8A258}.Debug|Any CPU.Build.0 = Debug|Any CPU
		{7C39DEA5-2748-4ED2-A989-EB1E42F8A258}.Debug|Any CPU.Deploy.0 = Debug|Any CPU
		{7C39DEA5-2748-4ED2-A989-EB1E42F8A258}.Debug|iPhone.ActiveCfg = Debug|Any CPU
		{7C39DEA5-2748-4ED2-A989-EB1E42F8A258}.Debug|iPhone.Build.0 = Debug|Any CPU
		{7C39DEA5-2748-4ED2-A989-EB1E42F8A258}.Debug|iPhone.Deploy.0 = Debug|Any CPU
		{7C39DEA5-2748-4ED2-A989-EB1E42F8A258}.Debug|iPhoneSimulator.ActiveCfg = Debug|Any CPU
		{7C39DEA5-2748-4ED2-A989-EB1E42F8A258}.Debug|iPhoneSimulator.Build.0 = Debug|Any CPU
		{7C39DEA5-2748-4ED2-A989-EB1E42F8A258}.Debug|iPhoneSimulator.Deploy.0 = Debug|Any CPU
		{7C39DEA5-2748-4ED2-A989-EB1E42F8A258}.Release|Any CPU.ActiveCfg = Release|Any CPU
		{7C39DEA5-2748-4ED2-A989-EB1E42F8A258}.Release|Any CPU.Build.0 = Release|Any CPU
		{7C39DEA5-2748-4ED2-A989-EB1E42F8A258}.Release|Any CPU.Deploy.0 = Release|Any CPU
		{7C39DEA5-2748-4ED2-A989-EB1E42F8A258}.Release|iPhone.ActiveCfg = Release|Any CPU
		{7C39DEA5-2748-4ED2-A989-EB1E42F8A258}.Release|iPhone.Build.0 = Release|Any CPU
		{7C39DEA5-2748-4ED2-A989-EB1E42F8A258}.Release|iPhone.Deploy.0 = Release|Any CPU
		{7C39DEA5-2748-4ED2-A989-EB1E42F8A258}.Release|iPhoneSimulator.ActiveCfg = Release|Any CPU
		{7C39DEA5-2748-4ED2-A989-EB1E42F8A258}.Release|iPhoneSimulator.Build.0 = Release|Any CPU
		{7C39DEA5-2748-4ED2-A989-EB1E42F8A258}.Release|iPhoneSimulator.Deploy.0 = Release|Any CPU
		{54CBA4A0-CF27-4BC1-AE72-7E9FE36E11C3}.Debug|Any CPU.ActiveCfg = Debug|iPhoneSimulator
		{54CBA4A0-CF27-4BC1-AE72-7E9FE36E11C3}.Debug|Any CPU.Build.0 = Debug|iPhoneSimulator
		{54CBA4A0-CF27-4BC1-AE72-7E9FE36E11C3}.Debug|Any CPU.Deploy.0 = Debug|iPhoneSimulator
		{54CBA4A0-CF27-4BC1-AE72-7E9FE36E11C3}.Debug|iPhone.ActiveCfg = Debug|iPhone
		{54CBA4A0-CF27-4BC1-AE72-7E9FE36E11C3}.Debug|iPhone.Build.0 = Debug|iPhone
		{54CBA4A0-CF27-4BC1-AE72-7E9FE36E11C3}.Debug|iPhone.Deploy.0 = Debug|iPhone
		{54CBA4A0-CF27-4BC1-AE72-7E9FE36E11C3}.Debug|iPhoneSimulator.ActiveCfg = Debug|iPhoneSimulator
		{54CBA4A0-CF27-4BC1-AE72-7E9FE36E11C3}.Debug|iPhoneSimulator.Build.0 = Debug|iPhoneSimulator
		{54CBA4A0-CF27-4BC1-AE72-7E9FE36E11C3}.Debug|iPhoneSimulator.Deploy.0 = Debug|iPhoneSimulator
		{54CBA4A0-CF27-4BC1-AE72-7E9FE36E11C3}.Release|Any CPU.ActiveCfg = Release|iPhone
		{54CBA4A0-CF27-4BC1-AE72-7E9FE36E11C3}.Release|Any CPU.Build.0 = Release|iPhone
		{54CBA4A0-CF27-4BC1-AE72-7E9FE36E11C3}.Release|Any CPU.Deploy.0 = Release|iPhone
		{54CBA4A0-CF27-4BC1-AE72-7E9FE36E11C3}.Release|iPhone.ActiveCfg = Release|iPhone
		{54CBA4A0-CF27-4BC1-AE72-7E9FE36E11C3}.Release|iPhone.Build.0 = Release|iPhone
		{54CBA4A0-CF27-4BC1-AE72-7E9FE36E11C3}.Release|iPhone.Deploy.0 = Release|iPhone
		{54CBA4A0-CF27-4BC1-AE72-7E9FE36E11C3}.Release|iPhoneSimulator.ActiveCfg = Release|iPhoneSimulator
		{54CBA4A0-CF27-4BC1-AE72-7E9FE36E11C3}.Release|iPhoneSimulator.Build.0 = Release|iPhoneSimulator
		{54CBA4A0-CF27-4BC1-AE72-7E9FE36E11C3}.Release|iPhoneSimulator.Deploy.0 = Release|iPhoneSimulator
		{74FDF8BB-C0D7-425F-ABF8-2EAD2E825268}.Debug|Any CPU.ActiveCfg = Debug|Any CPU
		{74FDF8BB-C0D7-425F-ABF8-2EAD2E825268}.Debug|Any CPU.Build.0 = Debug|Any CPU
		{74FDF8BB-C0D7-425F-ABF8-2EAD2E825268}.Debug|Any CPU.Deploy.0 = Debug|Any CPU
		{74FDF8BB-C0D7-425F-ABF8-2EAD2E825268}.Debug|iPhone.ActiveCfg = Debug|Any CPU
		{74FDF8BB-C0D7-425F-ABF8-2EAD2E825268}.Debug|iPhone.Build.0 = Debug|Any CPU
		{74FDF8BB-C0D7-425F-ABF8-2EAD2E825268}.Debug|iPhone.Deploy.0 = Debug|Any CPU
		{74FDF8BB-C0D7-425F-ABF8-2EAD2E825268}.Debug|iPhoneSimulator.ActiveCfg = Debug|Any CPU
		{74FDF8BB-C0D7-425F-ABF8-2EAD2E825268}.Debug|iPhoneSimulator.Build.0 = Debug|Any CPU
		{74FDF8BB-C0D7-425F-ABF8-2EAD2E825268}.Debug|iPhoneSimulator.Deploy.0 = Debug|Any CPU
		{74FDF8BB-C0D7-425F-ABF8-2EAD2E825268}.Release|Any CPU.ActiveCfg = Release|Any CPU
		{74FDF8BB-C0D7-425F-ABF8-2EAD2E825268}.Release|Any CPU.Build.0 = Release|Any CPU
		{74FDF8BB-C0D7-425F-ABF8-2EAD2E825268}.Release|Any CPU.Deploy.0 = Release|Any CPU
		{74FDF8BB-C0D7-425F-ABF8-2EAD2E825268}.Release|iPhone.ActiveCfg = Release|Any CPU
		{74FDF8BB-C0D7-425F-ABF8-2EAD2E825268}.Release|iPhone.Build.0 = Release|Any CPU
		{74FDF8BB-C0D7-425F-ABF8-2EAD2E825268}.Release|iPhone.Deploy.0 = Release|Any CPU
		{74FDF8BB-C0D7-425F-ABF8-2EAD2E825268}.Release|iPhoneSimulator.ActiveCfg = Release|Any CPU
		{74FDF8BB-C0D7-425F-ABF8-2EAD2E825268}.Release|iPhoneSimulator.Build.0 = Release|Any CPU
		{74FDF8BB-C0D7-425F-ABF8-2EAD2E825268}.Release|iPhoneSimulator.Deploy.0 = Release|Any CPU
	EndGlobalSection
	GlobalSection(SolutionProperties) = preSolution
		HideSolutionNode = FALSE
	EndGlobalSection
	GlobalSection(ExtensibilityGlobals) = postSolution
		SolutionGuid = {D8082DEF-2FF3-4A15-A029-E1E0816E1168}
	EndGlobalSection
EndGlobal
